// !$*UTF8*$!
{
	archiveVersion = 1;
	classes = {
	};
	objectVersion = 46;
	objects = {

/* Begin PBXBuildFile section */
		3A8342BF2326894B00A646E7 /* magicmenu.c in Sources */ = {isa = PBXBuildFile; fileRef = 3A83427C2326894600A646E7 /* magicmenu.c */; };
		3A8342C02326894B00A646E7 /* text.c in Sources */ = {isa = PBXBuildFile; fileRef = 3A83427D2326894600A646E7 /* text.c */; };
		3A8342C12326894B00A646E7 /* input_PSP.c in Sources */ = {isa = PBXBuildFile; fileRef = 3A83427E2326894600A646E7 /* input_PSP.c */; };
		3A8342C22326894B00A646E7 /* battle.c in Sources */ = {isa = PBXBuildFile; fileRef = 3A8342812326894600A646E7 /* battle.c */; };
		3A8342C32326894B00A646E7 /* main.c in Sources */ = {isa = PBXBuildFile; fileRef = 3A8342862326894600A646E7 /* main.c */; };
		3A8342C42326894B00A646E7 /* getopt.c in Sources */ = {isa = PBXBuildFile; fileRef = 3A8342892326894700A646E7 /* getopt.c */; };
		3A8342C52326894B00A646E7 /* enemy.c in Sources */ = {isa = PBXBuildFile; fileRef = 3A83428A2326894700A646E7 /* enemy.c */; };
		3A8342C62326894B00A646E7 /* fight.c in Sources */ = {isa = PBXBuildFile; fileRef = 3A83428B2326894700A646E7 /* fight.c */; };
		3A8342C72326894B00A646E7 /* ending.c in Sources */ = {isa = PBXBuildFile; fileRef = 3A8342912326894700A646E7 /* ending.c */; };
		3A8342C82326894B00A646E7 /* aviplay.c in Sources */ = {isa = PBXBuildFile; fileRef = 3A8342932326894700A646E7 /* aviplay.c */; };
		3A8342C92326894B00A646E7 /* uigame.c in Sources */ = {isa = PBXBuildFile; fileRef = 3A8342952326894700A646E7 /* uigame.c */; };
		3A8342CA2326894B00A646E7 /* midi.c in Sources */ = {isa = PBXBuildFile; fileRef = 3A8342962326894700A646E7 /* midi.c */; };
		3A8342CB2326894B00A646E7 /* itemmenu.c in Sources */ = {isa = PBXBuildFile; fileRef = 3A83429F2326894800A646E7 /* itemmenu.c */; };
		3A8342CC2326894B00A646E7 /* scene.c in Sources */ = {isa = PBXBuildFile; fileRef = 3A8342A02326894800A646E7 /* scene.c */; };
		3A8342CD2326894B00A646E7 /* palette.c in Sources */ = {isa = PBXBuildFile; fileRef = 3A8342A22326894800A646E7 /* palette.c */; };
		3A8342CE2326894B00A646E7 /* res.c in Sources */ = {isa = PBXBuildFile; fileRef = 3A8342A32326894800A646E7 /* res.c */; };
		3A8342CF2326894B00A646E7 /* palcommon.c in Sources */ = {isa = PBXBuildFile; fileRef = 3A8342A42326894900A646E7 /* palcommon.c */; };
		3A8342D02326894B00A646E7 /* global.c in Sources */ = {isa = PBXBuildFile; fileRef = 3A8342A52326894900A646E7 /* global.c */; };
		3A8342D12326894B00A646E7 /* video.c in Sources */ = {isa = PBXBuildFile; fileRef = 3A8342A62326894900A646E7 /* video.c */; };
		3A8342D22326894B00A646E7 /* yj1.c in Sources */ = {isa = PBXBuildFile; fileRef = 3A8342A72326894900A646E7 /* yj1.c */; };
		3A8342D32326894B00A646E7 /* rngplay.c in Sources */ = {isa = PBXBuildFile; fileRef = 3A8342A92326894900A646E7 /* rngplay.c */; };
		3A8342D42326894B00A646E7 /* play.c in Sources */ = {isa = PBXBuildFile; fileRef = 3A8342AA2326894900A646E7 /* play.c */; };
		3A8342D52326894B00A646E7 /* util.c in Sources */ = {isa = PBXBuildFile; fileRef = 3A8342AB2326894900A646E7 /* util.c */; };
		3A8342D62326894B00A646E7 /* sound.c in Sources */ = {isa = PBXBuildFile; fileRef = 3A8342AD2326894900A646E7 /* sound.c */; };
		3A8342D72326894B00A646E7 /* ui.c in Sources */ = {isa = PBXBuildFile; fileRef = 3A8342AE2326894900A646E7 /* ui.c */; };
		3A8342D82326894B00A646E7 /* map.c in Sources */ = {isa = PBXBuildFile; fileRef = 3A8342AF2326894900A646E7 /* map.c */; };
		3A8342D92326894B00A646E7 /* private.c in Sources */ = {isa = PBXBuildFile; fileRef = 3A8342B12326894A00A646E7 /* private.c */; };
		3A8342DA2326894B00A646E7 /* game.c in Sources */ = {isa = PBXBuildFile; fileRef = 3A8342B42326894A00A646E7 /* game.c */; };
		3A8342DB2326894B00A646E7 /* rixplay.cpp in Sources */ = {isa = PBXBuildFile; fileRef = 3A8342B52326894A00A646E7 /* rixplay.cpp */; };
		3A8342DC2326894B00A646E7 /* script.c in Sources */ = {isa = PBXBuildFile; fileRef = 3A8342B82326894A00A646E7 /* script.c */; };
		3A8342DD2326894B00A646E7 /* uibattle.c in Sources */ = {isa = PBXBuildFile; fileRef = 3A8342BB2326894A00A646E7 /* uibattle.c */; };
		3A8342DE2326894B00A646E7 /* font.c in Sources */ = {isa = PBXBuildFile; fileRef = 3A8342BD2326894B00A646E7 /* font.c */; };
		3A8342DF2326894B00A646E7 /* input.c in Sources */ = {isa = PBXBuildFile; fileRef = 3A8342BE2326894B00A646E7 /* input.c */; };
		7104FDA90D772FBC00A97E53 /* binfile.cpp in Sources */ = {isa = PBXBuildFile; fileRef = 7104FD9A0D772FBC00A97E53 /* binfile.cpp */; };
		7104FDAB0D772FBC00A97E53 /* binio.cpp in Sources */ = {isa = PBXBuildFile; fileRef = 7104FD9C0D772FBC00A97E53 /* binio.cpp */; };
		7104FDAD0D772FBC00A97E53 /* emuopl.cpp in Sources */ = {isa = PBXBuildFile; fileRef = 7104FD9E0D772FBC00A97E53 /* emuopl.cpp */; };
		7104FDAF0D772FBC00A97E53 /* fmopl.c in Sources */ = {isa = PBXBuildFile; fileRef = 7104FDA00D772FBC00A97E53 /* fmopl.c */; };
		7104FDB10D772FBC00A97E53 /* fprovide.cpp in Sources */ = {isa = PBXBuildFile; fileRef = 7104FDA20D772FBC00A97E53 /* fprovide.cpp */; };
		7104FDB40D772FBC00A97E53 /* player.cpp in Sources */ = {isa = PBXBuildFile; fileRef = 7104FDA50D772FBC00A97E53 /* player.cpp */; };
		7104FDB60D772FBC00A97E53 /* rix.cpp in Sources */ = {isa = PBXBuildFile; fileRef = 7104FDA70D772FBC00A97E53 /* rix.cpp */; };
		71147E4014085E31003FB2DB /* surroundopl.cpp in Sources */ = {isa = PBXBuildFile; fileRef = 71147E3E14085E31003FB2DB /* surroundopl.cpp */; };
		71147E4114085E31003FB2DB /* surroundopl.h in Copy Frameworks into .app bundle */ = {isa = PBXBuildFile; fileRef = 71147E3F14085E31003FB2DB /* surroundopl.h */; };
		7138FD0E1424E4810060DE76 /* demuopl.h in Copy Frameworks into .app bundle */ = {isa = PBXBuildFile; fileRef = 7138FD0B1424E4810060DE76 /* demuopl.h */; };
		7138FD0F1424E4810060DE76 /* dosbox_opl.cpp in Sources */ = {isa = PBXBuildFile; fileRef = 7138FD0C1424E4810060DE76 /* dosbox_opl.cpp */; };
		7138FD101424E4810060DE76 /* dosbox_opl.h in Copy Frameworks into .app bundle */ = {isa = PBXBuildFile; fileRef = 7138FD0D1424E4810060DE76 /* dosbox_opl.h */; };
		716EB9C70D77340300D5DE1F /* sdlpal.icns in Resources */ = {isa = PBXBuildFile; fileRef = 716EB9C60D77340300D5DE1F /* sdlpal.icns */; };
		717AE630182663E100B10A11 /* SDL2.framework in Frameworks */ = {isa = PBXBuildFile; fileRef = 717AE62F182663E100B10A11 /* SDL2.framework */; };
		71E23E9113F6D1AD001287B6 /* bit.c in Sources */ = {isa = PBXBuildFile; fileRef = 71E23E7113F6D1AD001287B6 /* bit.c */; };
		71E23E9213F6D1AD001287B6 /* bit.h in Copy Frameworks into .app bundle */ = {isa = PBXBuildFile; fileRef = 71E23E7213F6D1AD001287B6 /* bit.h */; };
		71E23E9313F6D1AD001287B6 /* D.dat in Resources */ = {isa = PBXBuildFile; fileRef = 71E23E7313F6D1AD001287B6 /* D.dat */; };
		71E23E9413F6D1AD001287B6 /* decoder.c in Sources */ = {isa = PBXBuildFile; fileRef = 71E23E7413F6D1AD001287B6 /* decoder.c */; };
		71E23E9513F6D1AD001287B6 /* decoder.h in Copy Frameworks into .app bundle */ = {isa = PBXBuildFile; fileRef = 71E23E7513F6D1AD001287B6 /* decoder.h */; };
		71E23E9613F6D1AD001287B6 /* fixed.c in Sources */ = {isa = PBXBuildFile; fileRef = 71E23E7613F6D1AD001287B6 /* fixed.c */; };
		71E23E9713F6D1AD001287B6 /* fixed.h in Copy Frameworks into .app bundle */ = {isa = PBXBuildFile; fileRef = 71E23E7713F6D1AD001287B6 /* fixed.h */; };
		71E23E9813F6D1AD001287B6 /* frame.c in Sources */ = {isa = PBXBuildFile; fileRef = 71E23E7813F6D1AD001287B6 /* frame.c */; };
		71E23E9913F6D1AD001287B6 /* frame.h in Copy Frameworks into .app bundle */ = {isa = PBXBuildFile; fileRef = 71E23E7913F6D1AD001287B6 /* frame.h */; };
		71E23E9A13F6D1AD001287B6 /* huffman.c in Sources */ = {isa = PBXBuildFile; fileRef = 71E23E7A13F6D1AD001287B6 /* huffman.c */; };
		71E23E9B13F6D1AD001287B6 /* huffman.h in Copy Frameworks into .app bundle */ = {isa = PBXBuildFile; fileRef = 71E23E7B13F6D1AD001287B6 /* huffman.h */; };
		71E23E9C13F6D1AD001287B6 /* imdct_s.dat in Resources */ = {isa = PBXBuildFile; fileRef = 71E23E7C13F6D1AD001287B6 /* imdct_s.dat */; };
		71E23E9D13F6D1AD001287B6 /* layer3.c in Sources */ = {isa = PBXBuildFile; fileRef = 71E23E7D13F6D1AD001287B6 /* layer3.c */; };
		71E23E9E13F6D1AD001287B6 /* layer3.h in Copy Frameworks into .app bundle */ = {isa = PBXBuildFile; fileRef = 71E23E7E13F6D1AD001287B6 /* layer3.h */; };
		71E23E9F13F6D1AD001287B6 /* layer12.c in Sources */ = {isa = PBXBuildFile; fileRef = 71E23E7F13F6D1AD001287B6 /* layer12.c */; };
		71E23EA013F6D1AD001287B6 /* layer12.h in Copy Frameworks into .app bundle */ = {isa = PBXBuildFile; fileRef = 71E23E8013F6D1AD001287B6 /* layer12.h */; };
		71E23EA113F6D1AD001287B6 /* libmad_config.h in Copy Frameworks into .app bundle */ = {isa = PBXBuildFile; fileRef = 71E23E8113F6D1AD001287B6 /* libmad_config.h */; };
		71E23EA213F6D1AD001287B6 /* libmad_global.h in Copy Frameworks into .app bundle */ = {isa = PBXBuildFile; fileRef = 71E23E8213F6D1AD001287B6 /* libmad_global.h */; };
		71E23EA313F6D1AD001287B6 /* mad.h in Copy Frameworks into .app bundle */ = {isa = PBXBuildFile; fileRef = 71E23E8313F6D1AD001287B6 /* mad.h */; };
		71E23EA413F6D1AD001287B6 /* music_mad.c in Sources */ = {isa = PBXBuildFile; fileRef = 71E23E8413F6D1AD001287B6 /* music_mad.c */; };
		71E23EA513F6D1AD001287B6 /* music_mad.h in Copy Frameworks into .app bundle */ = {isa = PBXBuildFile; fileRef = 71E23E8513F6D1AD001287B6 /* music_mad.h */; };
		71E23EA613F6D1AD001287B6 /* qc_table.dat in Resources */ = {isa = PBXBuildFile; fileRef = 71E23E8613F6D1AD001287B6 /* qc_table.dat */; };
		71E23EA713F6D1AD001287B6 /* rq_table.dat in Resources */ = {isa = PBXBuildFile; fileRef = 71E23E8713F6D1AD001287B6 /* rq_table.dat */; };
		71E23EA813F6D1AD001287B6 /* sf_table.dat in Resources */ = {isa = PBXBuildFile; fileRef = 71E23E8813F6D1AD001287B6 /* sf_table.dat */; };
		71E23EA913F6D1AD001287B6 /* stream.c in Sources */ = {isa = PBXBuildFile; fileRef = 71E23E8913F6D1AD001287B6 /* stream.c */; };
		71E23EAA13F6D1AD001287B6 /* stream.h in Copy Frameworks into .app bundle */ = {isa = PBXBuildFile; fileRef = 71E23E8A13F6D1AD001287B6 /* stream.h */; };
		71E23EAB13F6D1AD001287B6 /* synth.c in Sources */ = {isa = PBXBuildFile; fileRef = 71E23E8B13F6D1AD001287B6 /* synth.c */; };
		71E23EAC13F6D1AD001287B6 /* synth.h in Copy Frameworks into .app bundle */ = {isa = PBXBuildFile; fileRef = 71E23E8C13F6D1AD001287B6 /* synth.h */; };
		71E23EAD13F6D1AD001287B6 /* timer.c in Sources */ = {isa = PBXBuildFile; fileRef = 71E23E8D13F6D1AD001287B6 /* timer.c */; };
		71E23EAE13F6D1AD001287B6 /* timer.h in Copy Frameworks into .app bundle */ = {isa = PBXBuildFile; fileRef = 71E23E8E13F6D1AD001287B6 /* timer.h */; };
		8D11072B0486CEB800E47090 /* InfoPlist.strings in Resources */ = {isa = PBXBuildFile; fileRef = 089C165CFE840E0CC02AAC07 /* InfoPlist.strings */; };
		8D11072F0486CEB800E47090 /* Cocoa.framework in Frameworks */ = {isa = PBXBuildFile; fileRef = 1058C7A1FEA54F0111CA2CBB /* Cocoa.framework */; };
/* End PBXBuildFile section */

/* Begin PBXCopyFilesBuildPhase section */
		002F39FD09D0883400EBEB88 /* Copy Frameworks into .app bundle */ = {
			isa = PBXCopyFilesBuildPhase;
			buildActionMask = 2147483647;
			dstPath = "";
			dstSubfolderSpec = 10;
			files = (
				71E23E9213F6D1AD001287B6 /* bit.h in Copy Frameworks into .app bundle */,
				71E23E9513F6D1AD001287B6 /* decoder.h in Copy Frameworks into .app bundle */,
				71E23E9713F6D1AD001287B6 /* fixed.h in Copy Frameworks into .app bundle */,
				71E23E9913F6D1AD001287B6 /* frame.h in Copy Frameworks into .app bundle */,
				71E23E9B13F6D1AD001287B6 /* huffman.h in Copy Frameworks into .app bundle */,
				71E23E9E13F6D1AD001287B6 /* layer3.h in Copy Frameworks into .app bundle */,
				71E23EA013F6D1AD001287B6 /* layer12.h in Copy Frameworks into .app bundle */,
				71E23EA113F6D1AD001287B6 /* libmad_config.h in Copy Frameworks into .app bundle */,
				71E23EA213F6D1AD001287B6 /* libmad_global.h in Copy Frameworks into .app bundle */,
				71E23EA313F6D1AD001287B6 /* mad.h in Copy Frameworks into .app bundle */,
				71E23EA513F6D1AD001287B6 /* music_mad.h in Copy Frameworks into .app bundle */,
				71E23EAA13F6D1AD001287B6 /* stream.h in Copy Frameworks into .app bundle */,
				71E23EAC13F6D1AD001287B6 /* synth.h in Copy Frameworks into .app bundle */,
				71E23EAE13F6D1AD001287B6 /* timer.h in Copy Frameworks into .app bundle */,
				71147E4114085E31003FB2DB /* surroundopl.h in Copy Frameworks into .app bundle */,
				7138FD0E1424E4810060DE76 /* demuopl.h in Copy Frameworks into .app bundle */,
				7138FD101424E4810060DE76 /* dosbox_opl.h in Copy Frameworks into .app bundle */,
			);
			name = "Copy Frameworks into .app bundle";
			runOnlyForDeploymentPostprocessing = 0;
		};
/* End PBXCopyFilesBuildPhase section */

/* Begin PBXFileReference section */
		1058C7A1FEA54F0111CA2CBB /* Cocoa.framework */ = {isa = PBXFileReference; lastKnownFileType = wrapper.framework; name = Cocoa.framework; path = /System/Library/Frameworks/Cocoa.framework; sourceTree = "<absolute>"; };
		29B97324FDCFA39411CA2CEA /* AppKit.framework */ = {isa = PBXFileReference; lastKnownFileType = wrapper.framework; name = AppKit.framework; path = /System/Library/Frameworks/AppKit.framework; sourceTree = "<absolute>"; };
		29B97325FDCFA39411CA2CEA /* Foundation.framework */ = {isa = PBXFileReference; lastKnownFileType = wrapper.framework; name = Foundation.framework; path = /System/Library/Frameworks/Foundation.framework; sourceTree = "<absolute>"; };
		3A8342782326802700A646E7 /* en */ = {isa = PBXFileReference; lastKnownFileType = text.plist.strings; name = en; path = en.lproj/InfoPlist.strings; sourceTree = "<group>"; };
		3A83427B2326894600A646E7 /* font.h */ = {isa = PBXFileReference; fileEncoding = 4; lastKnownFileType = sourcecode.c.h; name = font.h; path = main/font.h; sourceTree = "<group>"; };
		3A83427C2326894600A646E7 /* magicmenu.c */ = {isa = PBXFileReference; fileEncoding = 4; lastKnownFileType = sourcecode.c.c; name = magicmenu.c; path = main/magicmenu.c; sourceTree = "<group>"; };
		3A83427D2326894600A646E7 /* text.c */ = {isa = PBXFileReference; fileEncoding = 4; lastKnownFileType = sourcecode.c.c; name = text.c; path = main/text.c; sourceTree = "<group>"; };
		3A83427E2326894600A646E7 /* input_PSP.c */ = {isa = PBXFileReference; fileEncoding = 4; lastKnownFileType = sourcecode.c.c; name = input_PSP.c; path = main/input_PSP.c; sourceTree = "<group>"; };
		3A83427F2326894600A646E7 /* common.h */ = {isa = PBXFileReference; fileEncoding = 4; lastKnownFileType = sourcecode.c.h; name = common.h; path = main/common.h; sourceTree = "<group>"; };
		3A8342802326894600A646E7 /* text.h */ = {isa = PBXFileReference; fileEncoding = 4; lastKnownFileType = sourcecode.c.h; name = text.h; path = main/text.h; sourceTree = "<group>"; };
		3A8342812326894600A646E7 /* battle.c */ = {isa = PBXFileReference; fileEncoding = 4; lastKnownFileType = sourcecode.c.c; name = battle.c; path = main/battle.c; sourceTree = "<group>"; };
		3A8342822326894600A646E7 /* res.h */ = {isa = PBXFileReference; fileEncoding = 4; lastKnownFileType = sourcecode.c.h; name = res.h; path = main/res.h; sourceTree = "<group>"; };
		3A8342832326894600A646E7 /* fight.h */ = {isa = PBXFileReference; fileEncoding = 4; lastKnownFileType = sourcecode.c.h; name = fight.h; path = main/fight.h; sourceTree = "<group>"; };
		3A8342842326894600A646E7 /* global.h */ = {isa = PBXFileReference; fileEncoding = 4; lastKnownFileType = sourcecode.c.h; name = global.h; path = main/global.h; sourceTree = "<group>"; };
		3A8342852326894600A646E7 /* itemmenu.h */ = {isa = PBXFileReference; fileEncoding = 4; lastKnownFileType = sourcecode.c.h; name = itemmenu.h; path = main/itemmenu.h; sourceTree = "<group>"; };
		3A8342862326894600A646E7 /* main.c */ = {isa = PBXFileReference; fileEncoding = 4; lastKnownFileType = sourcecode.c.c; name = main.c; path = main/main.c; sourceTree = "<group>"; };
		3A8342872326894600A646E7 /* scene.h */ = {isa = PBXFileReference; fileEncoding = 4; lastKnownFileType = sourcecode.c.h; name = scene.h; path = main/scene.h; sourceTree = "<group>"; };
		3A8342882326894600A646E7 /* midi.h */ = {isa = PBXFileReference; fileEncoding = 4; lastKnownFileType = sourcecode.c.h; name = midi.h; path = main/midi.h; sourceTree = "<group>"; };
		3A8342892326894700A646E7 /* getopt.c */ = {isa = PBXFileReference; fileEncoding = 4; lastKnownFileType = sourcecode.c.c; name = getopt.c; path = main/getopt.c; sourceTree = "<group>"; };
		3A83428A2326894700A646E7 /* enemy.c */ = {isa = PBXFileReference; fileEncoding = 4; lastKnownFileType = sourcecode.c.c; name = enemy.c; path = main/enemy.c; sourceTree = "<group>"; };
		3A83428B2326894700A646E7 /* fight.c */ = {isa = PBXFileReference; fileEncoding = 4; lastKnownFileType = sourcecode.c.c; name = fight.c; path = main/fight.c; sourceTree = "<group>"; };
		3A83428C2326894700A646E7 /* palette.h */ = {isa = PBXFileReference; fileEncoding = 4; lastKnownFileType = sourcecode.c.h; name = palette.h; path = main/palette.h; sourceTree = "<group>"; };
		3A83428D2326894700A646E7 /* uibattle.h */ = {isa = PBXFileReference; fileEncoding = 4; lastKnownFileType = sourcecode.c.h; name = uibattle.h; path = main/uibattle.h; sourceTree = "<group>"; };
		3A83428E2326894700A646E7 /* main_PSP.h */ = {isa = PBXFileReference; fileEncoding = 4; lastKnownFileType = sourcecode.c.h; name = main_PSP.h; path = main/main_PSP.h; sourceTree = "<group>"; };
		3A83428F2326894700A646E7 /* big5font.h */ = {isa = PBXFileReference; fileEncoding = 4; lastKnownFileType = sourcecode.c.h; name = big5font.h; path = main/big5font.h; sourceTree = "<group>"; };
		3A8342902326894700A646E7 /* magicmenu.h */ = {isa = PBXFileReference; fileEncoding = 4; lastKnownFileType = sourcecode.c.h; name = magicmenu.h; path = main/magicmenu.h; sourceTree = "<group>"; };
		3A8342912326894700A646E7 /* ending.c */ = {isa = PBXFileReference; fileEncoding = 4; lastKnownFileType = sourcecode.c.c; name = ending.c; path = main/ending.c; sourceTree = "<group>"; };
		3A8342922326894700A646E7 /* ui.h */ = {isa = PBXFileReference; fileEncoding = 4; lastKnownFileType = sourcecode.c.h; name = ui.h; path = main/ui.h; sourceTree = "<group>"; };
		3A8342932326894700A646E7 /* aviplay.c */ = {isa = PBXFileReference; fileEncoding = 4; lastKnownFileType = sourcecode.c.c; name = aviplay.c; path = main/aviplay.c; sourceTree = "<group>"; };
		3A8342942326894700A646E7 /* game.h */ = {isa = PBXFileReference; fileEncoding = 4; lastKnownFileType = sourcecode.c.h; name = game.h; path = main/game.h; sourceTree = "<group>"; };
		3A8342952326894700A646E7 /* uigame.c */ = {isa = PBXFileReference; fileEncoding = 4; lastKnownFileType = sourcecode.c.c; name = uigame.c; path = main/uigame.c; sourceTree = "<group>"; };
		3A8342962326894700A646E7 /* midi.c */ = {isa = PBXFileReference; fileEncoding = 4; lastKnownFileType = sourcecode.c.c; name = midi.c; path = main/midi.c; sourceTree = "<group>"; };
		3A8342972326894700A646E7 /* sound.h */ = {isa = PBXFileReference; fileEncoding = 4; lastKnownFileType = sourcecode.c.h; name = sound.h; path = main/sound.h; sourceTree = "<group>"; };
		3A8342982326894800A646E7 /* gbfont.h */ = {isa = PBXFileReference; fileEncoding = 4; lastKnownFileType = sourcecode.c.h; name = gbfont.h; path = main/gbfont.h; sourceTree = "<group>"; };
		3A8342992326894800A646E7 /* input.h */ = {isa = PBXFileReference; fileEncoding = 4; lastKnownFileType = sourcecode.c.h; name = input.h; path = main/input.h; sourceTree = "<group>"; };
		3A83429A2326894800A646E7 /* ending.h */ = {isa = PBXFileReference; fileEncoding = 4; lastKnownFileType = sourcecode.c.h; name = ending.h; path = main/ending.h; sourceTree = "<group>"; };
		3A83429B2326894800A646E7 /* map.h */ = {isa = PBXFileReference; fileEncoding = 4; lastKnownFileType = sourcecode.c.h; name = map.h; path = main/map.h; sourceTree = "<group>"; };
		3A83429C2326894800A646E7 /* video.h */ = {isa = PBXFileReference; fileEncoding = 4; lastKnownFileType = sourcecode.c.h; name = video.h; path = main/video.h; sourceTree = "<group>"; };
		3A83429D2326894800A646E7 /* aviplay.h */ = {isa = PBXFileReference; fileEncoding = 4; lastKnownFileType = sourcecode.c.h; name = aviplay.h; path = main/aviplay.h; sourceTree = "<group>"; };
		3A83429E2326894800A646E7 /* ascii.h */ = {isa = PBXFileReference; fileEncoding = 4; lastKnownFileType = sourcecode.c.h; name = ascii.h; path = main/ascii.h; sourceTree = "<group>"; };
		3A83429F2326894800A646E7 /* itemmenu.c */ = {isa = PBXFileReference; fileEncoding = 4; lastKnownFileType = sourcecode.c.c; name = itemmenu.c; path = main/itemmenu.c; sourceTree = "<group>"; };
		3A8342A02326894800A646E7 /* scene.c */ = {isa = PBXFileReference; fileEncoding = 4; lastKnownFileType = sourcecode.c.c; name = scene.c; path = main/scene.c; sourceTree = "<group>"; };
		3A8342A12326894800A646E7 /* rngplay.h */ = {isa = PBXFileReference; fileEncoding = 4; lastKnownFileType = sourcecode.c.h; name = rngplay.h; path = main/rngplay.h; sourceTree = "<group>"; };
		3A8342A22326894800A646E7 /* palette.c */ = {isa = PBXFileReference; fileEncoding = 4; lastKnownFileType = sourcecode.c.c; name = palette.c; path = main/palette.c; sourceTree = "<group>"; };
		3A8342A32326894800A646E7 /* res.c */ = {isa = PBXFileReference; fileEncoding = 4; lastKnownFileType = sourcecode.c.c; name = res.c; path = main/res.c; sourceTree = "<group>"; };
		3A8342A42326894900A646E7 /* palcommon.c */ = {isa = PBXFileReference; fileEncoding = 4; lastKnownFileType = sourcecode.c.c; name = palcommon.c; path = main/palcommon.c; sourceTree = "<group>"; };
		3A8342A52326894900A646E7 /* global.c */ = {isa = PBXFileReference; fileEncoding = 4; lastKnownFileType = sourcecode.c.c; name = global.c; path = main/global.c; sourceTree = "<group>"; };
		3A8342A62326894900A646E7 /* video.c */ = {isa = PBXFileReference; fileEncoding = 4; lastKnownFileType = sourcecode.c.c; name = video.c; path = main/video.c; sourceTree = "<group>"; };
		3A8342A72326894900A646E7 /* yj1.c */ = {isa = PBXFileReference; fileEncoding = 4; lastKnownFileType = sourcecode.c.c; name = yj1.c; path = main/yj1.c; sourceTree = "<group>"; };
		3A8342A82326894900A646E7 /* battle.h */ = {isa = PBXFileReference; fileEncoding = 4; lastKnownFileType = sourcecode.c.h; name = battle.h; path = main/battle.h; sourceTree = "<group>"; };
		3A8342A92326894900A646E7 /* rngplay.c */ = {isa = PBXFileReference; fileEncoding = 4; lastKnownFileType = sourcecode.c.c; name = rngplay.c; path = main/rngplay.c; sourceTree = "<group>"; };
		3A8342AA2326894900A646E7 /* play.c */ = {isa = PBXFileReference; fileEncoding = 4; lastKnownFileType = sourcecode.c.c; name = play.c; path = main/play.c; sourceTree = "<group>"; };
		3A8342AB2326894900A646E7 /* util.c */ = {isa = PBXFileReference; fileEncoding = 4; lastKnownFileType = sourcecode.c.c; name = util.c; path = main/util.c; sourceTree = "<group>"; };
		3A8342AC2326894900A646E7 /* util.h */ = {isa = PBXFileReference; fileEncoding = 4; lastKnownFileType = sourcecode.c.h; name = util.h; path = main/util.h; sourceTree = "<group>"; };
		3A8342AD2326894900A646E7 /* sound.c */ = {isa = PBXFileReference; fileEncoding = 4; lastKnownFileType = sourcecode.c.c; name = sound.c; path = main/sound.c; sourceTree = "<group>"; };
		3A8342AE2326894900A646E7 /* ui.c */ = {isa = PBXFileReference; fileEncoding = 4; lastKnownFileType = sourcecode.c.c; name = ui.c; path = main/ui.c; sourceTree = "<group>"; };
		3A8342AF2326894900A646E7 /* map.c */ = {isa = PBXFileReference; fileEncoding = 4; lastKnownFileType = sourcecode.c.c; name = map.c; path = main/map.c; sourceTree = "<group>"; };
		3A8342B02326894A00A646E7 /* uigame.h */ = {isa = PBXFileReference; fileEncoding = 4; lastKnownFileType = sourcecode.c.h; name = uigame.h; path = main/uigame.h; sourceTree = "<group>"; };
		3A8342B12326894A00A646E7 /* private.c */ = {isa = PBXFileReference; fileEncoding = 4; lastKnownFileType = sourcecode.c.c; name = private.c; path = main/private.c; sourceTree = "<group>"; };
		3A8342B22326894A00A646E7 /* getopt.h */ = {isa = PBXFileReference; fileEncoding = 4; lastKnownFileType = sourcecode.c.h; name = getopt.h; path = main/getopt.h; sourceTree = "<group>"; };
		3A8342B32326894A00A646E7 /* palcommon.h */ = {isa = PBXFileReference; fileEncoding = 4; lastKnownFileType = sourcecode.c.h; name = palcommon.h; path = main/palcommon.h; sourceTree = "<group>"; };
		3A8342B42326894A00A646E7 /* game.c */ = {isa = PBXFileReference; fileEncoding = 4; lastKnownFileType = sourcecode.c.c; name = game.c; path = main/game.c; sourceTree = "<group>"; };
		3A8342B52326894A00A646E7 /* rixplay.cpp */ = {isa = PBXFileReference; fileEncoding = 4; lastKnownFileType = sourcecode.cpp.cpp; name = rixplay.cpp; path = main/rixplay.cpp; sourceTree = "<group>"; };
		3A8342B62326894A00A646E7 /* main.h */ = {isa = PBXFileReference; fileEncoding = 4; lastKnownFileType = sourcecode.c.h; name = main.h; path = main/main.h; sourceTree = "<group>"; };
		3A8342B72326894A00A646E7 /* enemy.h */ = {isa = PBXFileReference; fileEncoding = 4; lastKnownFileType = sourcecode.c.h; name = enemy.h; path = main/enemy.h; sourceTree = "<group>"; };
		3A8342B82326894A00A646E7 /* script.c */ = {isa = PBXFileReference; fileEncoding = 4; lastKnownFileType = sourcecode.c.c; name = script.c; path = main/script.c; sourceTree = "<group>"; };
		3A8342B92326894A00A646E7 /* rixplay.h */ = {isa = PBXFileReference; fileEncoding = 4; lastKnownFileType = sourcecode.c.h; name = rixplay.h; path = main/rixplay.h; sourceTree = "<group>"; };
		3A8342BA2326894A00A646E7 /* script.h */ = {isa = PBXFileReference; fileEncoding = 4; lastKnownFileType = sourcecode.c.h; name = script.h; path = main/script.h; sourceTree = "<group>"; };
		3A8342BB2326894A00A646E7 /* uibattle.c */ = {isa = PBXFileReference; fileEncoding = 4; lastKnownFileType = sourcecode.c.c; name = uibattle.c; path = main/uibattle.c; sourceTree = "<group>"; };
		3A8342BC2326894B00A646E7 /* play.h */ = {isa = PBXFileReference; fileEncoding = 4; lastKnownFileType = sourcecode.c.h; name = play.h; path = main/play.h; sourceTree = "<group>"; };
		3A8342BD2326894B00A646E7 /* font.c */ = {isa = PBXFileReference; fileEncoding = 4; lastKnownFileType = sourcecode.c.c; name = font.c; path = main/font.c; sourceTree = "<group>"; };
		3A8342BE2326894B00A646E7 /* input.c */ = {isa = PBXFileReference; fileEncoding = 4; lastKnownFileType = sourcecode.c.c; name = input.c; path = main/input.c; sourceTree = "<group>"; };
		7104FD9A0D772FBC00A97E53 /* binfile.cpp */ = {isa = PBXFileReference; fileEncoding = 4; lastKnownFileType = sourcecode.cpp.cpp; name = binfile.cpp; path = adplug/binfile.cpp; sourceTree = SOURCE_ROOT; };
		7104FD9B0D772FBC00A97E53 /* binfile.h */ = {isa = PBXFileReference; fileEncoding = 4; lastKnownFileType = sourcecode.c.h; name = binfile.h; path = adplug/binfile.h; sourceTree = SOURCE_ROOT; };
		7104FD9C0D772FBC00A97E53 /* binio.cpp */ = {isa = PBXFileReference; fileEncoding = 4; lastKnownFileType = sourcecode.cpp.cpp; name = binio.cpp; path = adplug/binio.cpp; sourceTree = SOURCE_ROOT; };
		7104FD9D0D772FBC00A97E53 /* binio.h */ = {isa = PBXFileReference; fileEncoding = 4; lastKnownFileType = sourcecode.c.h; name = binio.h; path = adplug/binio.h; sourceTree = SOURCE_ROOT; };
		7104FD9E0D772FBC00A97E53 /* emuopl.cpp */ = {isa = PBXFileReference; fileEncoding = 4; lastKnownFileType = sourcecode.cpp.cpp; name = emuopl.cpp; path = adplug/emuopl.cpp; sourceTree = SOURCE_ROOT; };
		7104FD9F0D772FBC00A97E53 /* emuopl.h */ = {isa = PBXFileReference; fileEncoding = 4; lastKnownFileType = sourcecode.c.h; name = emuopl.h; path = adplug/emuopl.h; sourceTree = SOURCE_ROOT; };
		7104FDA00D772FBC00A97E53 /* fmopl.c */ = {isa = PBXFileReference; fileEncoding = 4; lastKnownFileType = sourcecode.c.c; name = fmopl.c; path = adplug/fmopl.c; sourceTree = SOURCE_ROOT; };
		7104FDA10D772FBC00A97E53 /* fmopl.h */ = {isa = PBXFileReference; fileEncoding = 4; lastKnownFileType = sourcecode.c.h; name = fmopl.h; path = adplug/fmopl.h; sourceTree = SOURCE_ROOT; };
		7104FDA20D772FBC00A97E53 /* fprovide.cpp */ = {isa = PBXFileReference; fileEncoding = 4; lastKnownFileType = sourcecode.cpp.cpp; name = fprovide.cpp; path = adplug/fprovide.cpp; sourceTree = SOURCE_ROOT; };
		7104FDA30D772FBC00A97E53 /* fprovide.h */ = {isa = PBXFileReference; fileEncoding = 4; lastKnownFileType = sourcecode.c.h; name = fprovide.h; path = adplug/fprovide.h; sourceTree = SOURCE_ROOT; };
		7104FDA40D772FBC00A97E53 /* opl.h */ = {isa = PBXFileReference; fileEncoding = 4; lastKnownFileType = sourcecode.c.h; name = opl.h; path = adplug/opl.h; sourceTree = SOURCE_ROOT; };
		7104FDA50D772FBC00A97E53 /* player.cpp */ = {isa = PBXFileReference; fileEncoding = 4; lastKnownFileType = sourcecode.cpp.cpp; name = player.cpp; path = adplug/player.cpp; sourceTree = SOURCE_ROOT; };
		7104FDA60D772FBC00A97E53 /* player.h */ = {isa = PBXFileReference; fileEncoding = 4; lastKnownFileType = sourcecode.c.h; name = player.h; path = adplug/player.h; sourceTree = SOURCE_ROOT; };
		7104FDA70D772FBC00A97E53 /* rix.cpp */ = {isa = PBXFileReference; fileEncoding = 4; lastKnownFileType = sourcecode.cpp.cpp; name = rix.cpp; path = adplug/rix.cpp; sourceTree = SOURCE_ROOT; };
		7104FDA80D772FBC00A97E53 /* rix.h */ = {isa = PBXFileReference; fileEncoding = 4; lastKnownFileType = sourcecode.c.h; name = rix.h; path = adplug/rix.h; sourceTree = SOURCE_ROOT; };
		71147E3E14085E31003FB2DB /* surroundopl.cpp */ = {isa = PBXFileReference; fileEncoding = 0; lastKnownFileType = sourcecode.cpp.cpp; name = surroundopl.cpp; path = adplug/surroundopl.cpp; sourceTree = "<group>"; };
		71147E3F14085E31003FB2DB /* surroundopl.h */ = {isa = PBXFileReference; fileEncoding = 0; lastKnownFileType = sourcecode.c.h; name = surroundopl.h; path = adplug/surroundopl.h; sourceTree = "<group>"; };
		7138FD0B1424E4810060DE76 /* demuopl.h */ = {isa = PBXFileReference; fileEncoding = 18446744071562067968; lastKnownFileType = sourcecode.c.h; name = demuopl.h; path = adplug/demuopl.h; sourceTree = "<group>"; };
		7138FD0C1424E4810060DE76 /* dosbox_opl.cpp */ = {isa = PBXFileReference; fileEncoding = 18446744071562067968; lastKnownFileType = sourcecode.cpp.cpp; name = dosbox_opl.cpp; path = adplug/dosbox_opl.cpp; sourceTree = "<group>"; };
		7138FD0D1424E4810060DE76 /* dosbox_opl.h */ = {isa = PBXFileReference; fileEncoding = 18446744071562067968; lastKnownFileType = sourcecode.c.h; name = dosbox_opl.h; path = adplug/dosbox_opl.h; sourceTree = "<group>"; };
		716EB9C60D77340300D5DE1F /* sdlpal.icns */ = {isa = PBXFileReference; lastKnownFileType = image.icns; path = sdlpal.icns; sourceTree = SOURCE_ROOT; };
		717AE62F182663E100B10A11 /* SDL2.framework */ = {isa = PBXFileReference; lastKnownFileType = wrapper.framework; name = SDL2.framework; path = ../../../../Library/Frameworks/SDL2.framework; sourceTree = "<group>"; };
		71E23E7113F6D1AD001287B6 /* bit.c */ = {isa = PBXFileReference; fileEncoding = 0; lastKnownFileType = sourcecode.c.c; name = bit.c; path = libmad/bit.c; sourceTree = "<group>"; };
		71E23E7213F6D1AD001287B6 /* bit.h */ = {isa = PBXFileReference; fileEncoding = 0; lastKnownFileType = sourcecode.c.h; name = bit.h; path = libmad/bit.h; sourceTree = "<group>"; };
		71E23E7313F6D1AD001287B6 /* D.dat */ = {isa = PBXFileReference; fileEncoding = 0; lastKnownFileType = text; name = D.dat; path = libmad/D.dat; sourceTree = "<group>"; };
		71E23E7413F6D1AD001287B6 /* decoder.c */ = {isa = PBXFileReference; fileEncoding = 0; lastKnownFileType = sourcecode.c.c; name = decoder.c; path = libmad/decoder.c; sourceTree = "<group>"; };
		71E23E7513F6D1AD001287B6 /* decoder.h */ = {isa = PBXFileReference; fileEncoding = 0; lastKnownFileType = sourcecode.c.h; name = decoder.h; path = libmad/decoder.h; sourceTree = "<group>"; };
		71E23E7613F6D1AD001287B6 /* fixed.c */ = {isa = PBXFileReference; fileEncoding = 0; lastKnownFileType = sourcecode.c.c; name = fixed.c; path = libmad/fixed.c; sourceTree = "<group>"; };
		71E23E7713F6D1AD001287B6 /* fixed.h */ = {isa = PBXFileReference; fileEncoding = 0; lastKnownFileType = sourcecode.c.h; name = fixed.h; path = libmad/fixed.h; sourceTree = "<group>"; };
		71E23E7813F6D1AD001287B6 /* frame.c */ = {isa = PBXFileReference; fileEncoding = 0; lastKnownFileType = sourcecode.c.c; name = frame.c; path = libmad/frame.c; sourceTree = "<group>"; };
		71E23E7913F6D1AD001287B6 /* frame.h */ = {isa = PBXFileReference; fileEncoding = 0; lastKnownFileType = sourcecode.c.h; name = frame.h; path = libmad/frame.h; sourceTree = "<group>"; };
		71E23E7A13F6D1AD001287B6 /* huffman.c */ = {isa = PBXFileReference; fileEncoding = 0; lastKnownFileType = sourcecode.c.c; name = huffman.c; path = libmad/huffman.c; sourceTree = "<group>"; };
		71E23E7B13F6D1AD001287B6 /* huffman.h */ = {isa = PBXFileReference; fileEncoding = 0; lastKnownFileType = sourcecode.c.h; name = huffman.h; path = libmad/huffman.h; sourceTree = "<group>"; };
		71E23E7C13F6D1AD001287B6 /* imdct_s.dat */ = {isa = PBXFileReference; fileEncoding = 0; lastKnownFileType = text; name = imdct_s.dat; path = libmad/imdct_s.dat; sourceTree = "<group>"; };
		71E23E7D13F6D1AD001287B6 /* layer3.c */ = {isa = PBXFileReference; fileEncoding = 0; lastKnownFileType = sourcecode.c.c; name = layer3.c; path = libmad/layer3.c; sourceTree = "<group>"; };
		71E23E7E13F6D1AD001287B6 /* layer3.h */ = {isa = PBXFileReference; fileEncoding = 0; lastKnownFileType = sourcecode.c.h; name = layer3.h; path = libmad/layer3.h; sourceTree = "<group>"; };
		71E23E7F13F6D1AD001287B6 /* layer12.c */ = {isa = PBXFileReference; fileEncoding = 0; lastKnownFileType = sourcecode.c.c; name = layer12.c; path = libmad/layer12.c; sourceTree = "<group>"; };
		71E23E8013F6D1AD001287B6 /* layer12.h */ = {isa = PBXFileReference; fileEncoding = 0; lastKnownFileType = sourcecode.c.h; name = layer12.h; path = libmad/layer12.h; sourceTree = "<group>"; };
		71E23E8113F6D1AD001287B6 /* libmad_config.h */ = {isa = PBXFileReference; fileEncoding = 0; lastKnownFileType = sourcecode.c.h; name = libmad_config.h; path = libmad/libmad_config.h; sourceTree = "<group>"; };
		71E23E8213F6D1AD001287B6 /* libmad_global.h */ = {isa = PBXFileReference; fileEncoding = 0; lastKnownFileType = sourcecode.c.h; name = libmad_global.h; path = libmad/libmad_global.h; sourceTree = "<group>"; };
		71E23E8313F6D1AD001287B6 /* mad.h */ = {isa = PBXFileReference; fileEncoding = 0; lastKnownFileType = sourcecode.c.h; name = mad.h; path = libmad/mad.h; sourceTree = "<group>"; };
		71E23E8413F6D1AD001287B6 /* music_mad.c */ = {isa = PBXFileReference; fileEncoding = 0; lastKnownFileType = sourcecode.c.c; name = music_mad.c; path = libmad/music_mad.c; sourceTree = "<group>"; };
		71E23E8513F6D1AD001287B6 /* music_mad.h */ = {isa = PBXFileReference; fileEncoding = 0; lastKnownFileType = sourcecode.c.h; name = music_mad.h; path = libmad/music_mad.h; sourceTree = "<group>"; };
		71E23E8613F6D1AD001287B6 /* qc_table.dat */ = {isa = PBXFileReference; fileEncoding = 0; lastKnownFileType = text; name = qc_table.dat; path = libmad/qc_table.dat; sourceTree = "<group>"; };
		71E23E8713F6D1AD001287B6 /* rq_table.dat */ = {isa = PBXFileReference; fileEncoding = 0; lastKnownFileType = text; name = rq_table.dat; path = libmad/rq_table.dat; sourceTree = "<group>"; };
		71E23E8813F6D1AD001287B6 /* sf_table.dat */ = {isa = PBXFileReference; fileEncoding = 0; lastKnownFileType = text; name = sf_table.dat; path = libmad/sf_table.dat; sourceTree = "<group>"; };
		71E23E8913F6D1AD001287B6 /* stream.c */ = {isa = PBXFileReference; fileEncoding = 0; lastKnownFileType = sourcecode.c.c; name = stream.c; path = libmad/stream.c; sourceTree = "<group>"; };
		71E23E8A13F6D1AD001287B6 /* stream.h */ = {isa = PBXFileReference; fileEncoding = 0; lastKnownFileType = sourcecode.c.h; name = stream.h; path = libmad/stream.h; sourceTree = "<group>"; };
		71E23E8B13F6D1AD001287B6 /* synth.c */ = {isa = PBXFileReference; fileEncoding = 0; lastKnownFileType = sourcecode.c.c; name = synth.c; path = libmad/synth.c; sourceTree = "<group>"; };
		71E23E8C13F6D1AD001287B6 /* synth.h */ = {isa = PBXFileReference; fileEncoding = 0; lastKnownFileType = sourcecode.c.h; name = synth.h; path = libmad/synth.h; sourceTree = "<group>"; };
		71E23E8D13F6D1AD001287B6 /* timer.c */ = {isa = PBXFileReference; fileEncoding = 0; lastKnownFileType = sourcecode.c.c; name = timer.c; path = libmad/timer.c; sourceTree = "<group>"; };
		71E23E8E13F6D1AD001287B6 /* timer.h */ = {isa = PBXFileReference; fileEncoding = 0; lastKnownFileType = sourcecode.c.h; name = timer.h; path = libmad/timer.h; sourceTree = "<group>"; };
		8D1107310486CEB800E47090 /* Info.plist */ = {isa = PBXFileReference; fileEncoding = 4; lastKnownFileType = text.plist; path = Info.plist; sourceTree = "<group>"; };
		8D1107320486CEB800E47090 /* huoshan */ = {isa = PBXFileReference; explicitFileType = wrapper.application; includeInIndex = 0; name = huoshan; path = ../../../../../../../../Repos/huoshan; sourceTree = BUILT_PRODUCTS_DIR; };
/* End PBXFileReference section */

/* Begin PBXFrameworksBuildPhase section */
		8D11072E0486CEB800E47090 /* Frameworks */ = {
			isa = PBXFrameworksBuildPhase;
			buildActionMask = 2147483647;
			files = (
				8D11072F0486CEB800E47090 /* Cocoa.framework in Frameworks */,
				717AE630182663E100B10A11 /* SDL2.framework in Frameworks */,
			);
			runOnlyForDeploymentPostprocessing = 0;
		};
/* End PBXFrameworksBuildPhase section */

/* Begin PBXGroup section */
		1058C7A0FEA54F0111CA2CBB /* Linked Frameworks */ = {
			isa = PBXGroup;
			children = (
				717AE62F182663E100B10A11 /* SDL2.framework */,
				1058C7A1FEA54F0111CA2CBB /* Cocoa.framework */,
			);
			name = "Linked Frameworks";
			sourceTree = "<group>";
		};
		1058C7A2FEA54F0111CA2CBB /* Other Frameworks */ = {
			isa = PBXGroup;
			children = (
				29B97324FDCFA39411CA2CEA /* AppKit.framework */,
				29B97325FDCFA39411CA2CEA /* Foundation.framework */,
			);
			name = "Other Frameworks";
			sourceTree = "<group>";
		};
		19C28FACFE9D520D11CA2CBB /* Products */ = {
			isa = PBXGroup;
			children = (
				8D1107320486CEB800E47090 /* huoshan */,
			);
			name = Products;
			sourceTree = "<group>";
		};
		29B97314FDCFA39411CA2CEA /* Pal */ = {
			isa = PBXGroup;
			children = (
				71E23E7013F6D188001287B6 /* libmad */,
				7104FD990D772FAA00A97E53 /* adplug */,
				29B97315FDCFA39411CA2CEA /* Other Sources */,
				29B97317FDCFA39411CA2CEA /* Resources */,
				29B97323FDCFA39411CA2CEA /* Frameworks */,
				19C28FACFE9D520D11CA2CBB /* Products */,
			);
			name = Pal;
			sourceTree = "<group>";
		};
		29B97315FDCFA39411CA2CEA /* Other Sources */ = {
			isa = PBXGroup;
			children = (
				3A83429E2326894800A646E7 /* ascii.h */,
				3A8342932326894700A646E7 /* aviplay.c */,
				3A83429D2326894800A646E7 /* aviplay.h */,
				3A8342812326894600A646E7 /* battle.c */,
				3A8342A82326894900A646E7 /* battle.h */,
				3A83428F2326894700A646E7 /* big5font.h */,
				3A83427F2326894600A646E7 /* common.h */,
				3A8342912326894700A646E7 /* ending.c */,
				3A83429A2326894800A646E7 /* ending.h */,
				3A83428A2326894700A646E7 /* enemy.c */,
				3A8342B72326894A00A646E7 /* enemy.h */,
				3A83428B2326894700A646E7 /* fight.c */,
				3A8342832326894600A646E7 /* fight.h */,
				3A8342BD2326894B00A646E7 /* font.c */,
				3A83427B2326894600A646E7 /* font.h */,
				3A8342B42326894A00A646E7 /* game.c */,
				3A8342942326894700A646E7 /* game.h */,
				3A8342982326894800A646E7 /* gbfont.h */,
				3A8342892326894700A646E7 /* getopt.c */,
				3A8342B22326894A00A646E7 /* getopt.h */,
				3A8342A52326894900A646E7 /* global.c */,
				3A8342842326894600A646E7 /* global.h */,
				3A83427E2326894600A646E7 /* input_PSP.c */,
				3A8342BE2326894B00A646E7 /* input.c */,
				3A8342992326894800A646E7 /* input.h */,
				3A83429F2326894800A646E7 /* itemmenu.c */,
				3A8342852326894600A646E7 /* itemmenu.h */,
				3A83427C2326894600A646E7 /* magicmenu.c */,
				3A8342902326894700A646E7 /* magicmenu.h */,
				3A83428E2326894700A646E7 /* main_PSP.h */,
				3A8342862326894600A646E7 /* main.c */,
				3A8342B62326894A00A646E7 /* main.h */,
				3A8342AF2326894900A646E7 /* map.c */,
				3A83429B2326894800A646E7 /* map.h */,
				3A8342962326894700A646E7 /* midi.c */,
				3A8342882326894600A646E7 /* midi.h */,
				3A8342A42326894900A646E7 /* palcommon.c */,
				3A8342B32326894A00A646E7 /* palcommon.h */,
				3A8342A22326894800A646E7 /* palette.c */,
				3A83428C2326894700A646E7 /* palette.h */,
				3A8342AA2326894900A646E7 /* play.c */,
				3A8342BC2326894B00A646E7 /* play.h */,
				3A8342B12326894A00A646E7 /* private.c */,
				3A8342A32326894800A646E7 /* res.c */,
				3A8342822326894600A646E7 /* res.h */,
				3A8342B52326894A00A646E7 /* rixplay.cpp */,
				3A8342B92326894A00A646E7 /* rixplay.h */,
				3A8342A92326894900A646E7 /* rngplay.c */,
				3A8342A12326894800A646E7 /* rngplay.h */,
				3A8342A02326894800A646E7 /* scene.c */,
				3A8342872326894600A646E7 /* scene.h */,
				3A8342B82326894A00A646E7 /* script.c */,
				3A8342BA2326894A00A646E7 /* script.h */,
				3A8342AD2326894900A646E7 /* sound.c */,
				3A8342972326894700A646E7 /* sound.h */,
				3A83427D2326894600A646E7 /* text.c */,
				3A8342802326894600A646E7 /* text.h */,
				3A8342AE2326894900A646E7 /* ui.c */,
				3A8342922326894700A646E7 /* ui.h */,
				3A8342BB2326894A00A646E7 /* uibattle.c */,
				3A83428D2326894700A646E7 /* uibattle.h */,
				3A8342952326894700A646E7 /* uigame.c */,
				3A8342B02326894A00A646E7 /* uigame.h */,
				3A8342AB2326894900A646E7 /* util.c */,
				3A8342AC2326894900A646E7 /* util.h */,
				3A8342A62326894900A646E7 /* video.c */,
				3A83429C2326894800A646E7 /* video.h */,
				3A8342A72326894900A646E7 /* yj1.c */,
			);
			name = "Other Sources";
			sourceTree = "<group>";
		};
		29B97317FDCFA39411CA2CEA /* Resources */ = {
			isa = PBXGroup;
			children = (
				716EB9C60D77340300D5DE1F /* sdlpal.icns */,
				8D1107310486CEB800E47090 /* Info.plist */,
				089C165CFE840E0CC02AAC07 /* InfoPlist.strings */,
			);
			name = Resources;
			sourceTree = "<group>";
		};
		29B97323FDCFA39411CA2CEA /* Frameworks */ = {
			isa = PBXGroup;
			children = (
				1058C7A0FEA54F0111CA2CBB /* Linked Frameworks */,
				1058C7A2FEA54F0111CA2CBB /* Other Frameworks */,
			);
			name = Frameworks;
			sourceTree = "<group>";
		};
		7104FD990D772FAA00A97E53 /* adplug */ = {
			isa = PBXGroup;
			children = (
				7138FD0B1424E4810060DE76 /* demuopl.h */,
				7138FD0C1424E4810060DE76 /* dosbox_opl.cpp */,
				7138FD0D1424E4810060DE76 /* dosbox_opl.h */,
				71147E3E14085E31003FB2DB /* surroundopl.cpp */,
				71147E3F14085E31003FB2DB /* surroundopl.h */,
				7104FD9A0D772FBC00A97E53 /* binfile.cpp */,
				7104FD9B0D772FBC00A97E53 /* binfile.h */,
				7104FD9C0D772FBC00A97E53 /* binio.cpp */,
				7104FD9D0D772FBC00A97E53 /* binio.h */,
				7104FD9E0D772FBC00A97E53 /* emuopl.cpp */,
				7104FD9F0D772FBC00A97E53 /* emuopl.h */,
				7104FDA00D772FBC00A97E53 /* fmopl.c */,
				7104FDA10D772FBC00A97E53 /* fmopl.h */,
				7104FDA20D772FBC00A97E53 /* fprovide.cpp */,
				7104FDA30D772FBC00A97E53 /* fprovide.h */,
				7104FDA40D772FBC00A97E53 /* opl.h */,
				7104FDA50D772FBC00A97E53 /* player.cpp */,
				7104FDA60D772FBC00A97E53 /* player.h */,
				7104FDA70D772FBC00A97E53 /* rix.cpp */,
				7104FDA80D772FBC00A97E53 /* rix.h */,
			);
			name = adplug;
			sourceTree = "<group>";
		};
		71E23E7013F6D188001287B6 /* libmad */ = {
			isa = PBXGroup;
			children = (
				71E23E7113F6D1AD001287B6 /* bit.c */,
				71E23E7213F6D1AD001287B6 /* bit.h */,
				71E23E7313F6D1AD001287B6 /* D.dat */,
				71E23E7413F6D1AD001287B6 /* decoder.c */,
				71E23E7513F6D1AD001287B6 /* decoder.h */,
				71E23E7613F6D1AD001287B6 /* fixed.c */,
				71E23E7713F6D1AD001287B6 /* fixed.h */,
				71E23E7813F6D1AD001287B6 /* frame.c */,
				71E23E7913F6D1AD001287B6 /* frame.h */,
				71E23E7A13F6D1AD001287B6 /* huffman.c */,
				71E23E7B13F6D1AD001287B6 /* huffman.h */,
				71E23E7C13F6D1AD001287B6 /* imdct_s.dat */,
				71E23E7D13F6D1AD001287B6 /* layer3.c */,
				71E23E7E13F6D1AD001287B6 /* layer3.h */,
				71E23E7F13F6D1AD001287B6 /* layer12.c */,
				71E23E8013F6D1AD001287B6 /* layer12.h */,
				71E23E8113F6D1AD001287B6 /* libmad_config.h */,
				71E23E8213F6D1AD001287B6 /* libmad_global.h */,
				71E23E8313F6D1AD001287B6 /* mad.h */,
				71E23E8413F6D1AD001287B6 /* music_mad.c */,
				71E23E8513F6D1AD001287B6 /* music_mad.h */,
				71E23E8613F6D1AD001287B6 /* qc_table.dat */,
				71E23E8713F6D1AD001287B6 /* rq_table.dat */,
				71E23E8813F6D1AD001287B6 /* sf_table.dat */,
				71E23E8913F6D1AD001287B6 /* stream.c */,
				71E23E8A13F6D1AD001287B6 /* stream.h */,
				71E23E8B13F6D1AD001287B6 /* synth.c */,
				71E23E8C13F6D1AD001287B6 /* synth.h */,
				71E23E8D13F6D1AD001287B6 /* timer.c */,
				71E23E8E13F6D1AD001287B6 /* timer.h */,
			);
			name = libmad;
			sourceTree = "<group>";
		};
/* End PBXGroup section */

/* Begin PBXNativeTarget section */
		8D1107260486CEB800E47090 /* Pal */ = {
			isa = PBXNativeTarget;
			buildConfigurationList = C01FCF4A08A954540054247B /* Build configuration list for PBXNativeTarget "Pal" */;
			buildPhases = (
				8D1107290486CEB800E47090 /* Resources */,
				8D11072C0486CEB800E47090 /* Sources */,
				8D11072E0486CEB800E47090 /* Frameworks */,
				002F39FD09D0883400EBEB88 /* Copy Frameworks into .app bundle */,
			);
			buildRules = (
			);
			dependencies = (
			);
			name = Pal;
			productInstallPath = "$(HOME)/Applications";
			productName = Pal;
			productReference = 8D1107320486CEB800E47090 /* huoshan */;
			productType = "com.apple.product-type.application";
		};
/* End PBXNativeTarget section */

/* Begin PBXProject section */
		29B97313FDCFA39411CA2CEA /* Project object */ = {
			isa = PBXProject;
			attributes = {
				LastUpgradeCheck = 1030;
			};
			buildConfigurationList = C01FCF4E08A954540054247B /* Build configuration list for PBXProject "Pal" */;
			compatibilityVersion = "Xcode 3.2";
			developmentRegion = en;
			hasScannedForEncodings = 1;
			knownRegions = (
				en,
				Base,
			);
			mainGroup = 29B97314FDCFA39411CA2CEA /* Pal */;
			projectDirPath = "";
			projectRoot = "";
			targets = (
				8D1107260486CEB800E47090 /* Pal */,
			);
		};
/* End PBXProject section */

/* Begin PBXResourcesBuildPhase section */
		8D1107290486CEB800E47090 /* Resources */ = {
			isa = PBXResourcesBuildPhase;
			buildActionMask = 2147483647;
			files = (
				8D11072B0486CEB800E47090 /* InfoPlist.strings in Resources */,
				716EB9C70D77340300D5DE1F /* sdlpal.icns in Resources */,
				71E23E9313F6D1AD001287B6 /* D.dat in Resources */,
				71E23E9C13F6D1AD001287B6 /* imdct_s.dat in Resources */,
				71E23EA613F6D1AD001287B6 /* qc_table.dat in Resources */,
				71E23EA713F6D1AD001287B6 /* rq_table.dat in Resources */,
				71E23EA813F6D1AD001287B6 /* sf_table.dat in Resources */,
			);
			runOnlyForDeploymentPostprocessing = 0;
		};
/* End PBXResourcesBuildPhase section */

/* Begin PBXSourcesBuildPhase section */
		8D11072C0486CEB800E47090 /* Sources */ = {
			isa = PBXSourcesBuildPhase;
			buildActionMask = 2147483647;
			files = (
				3A8342C02326894B00A646E7 /* text.c in Sources */,
				7104FDA90D772FBC00A97E53 /* binfile.cpp in Sources */,
				3A8342C62326894B00A646E7 /* fight.c in Sources */,
				3A8342DD2326894B00A646E7 /* uibattle.c in Sources */,
				3A8342D12326894B00A646E7 /* video.c in Sources */,
				3A8342D52326894B00A646E7 /* util.c in Sources */,
				7104FDAB0D772FBC00A97E53 /* binio.cpp in Sources */,
				7104FDAD0D772FBC00A97E53 /* emuopl.cpp in Sources */,
				3A8342D92326894B00A646E7 /* private.c in Sources */,
				7104FDAF0D772FBC00A97E53 /* fmopl.c in Sources */,
				3A8342CF2326894B00A646E7 /* palcommon.c in Sources */,
				7104FDB10D772FBC00A97E53 /* fprovide.cpp in Sources */,
				7104FDB40D772FBC00A97E53 /* player.cpp in Sources */,
				7104FDB60D772FBC00A97E53 /* rix.cpp in Sources */,
				3A8342D42326894B00A646E7 /* play.c in Sources */,
				3A8342D62326894B00A646E7 /* sound.c in Sources */,
				3A8342C72326894B00A646E7 /* ending.c in Sources */,
				71E23E9113F6D1AD001287B6 /* bit.c in Sources */,
				71E23E9413F6D1AD001287B6 /* decoder.c in Sources */,
				71E23E9613F6D1AD001287B6 /* fixed.c in Sources */,
				3A8342C92326894B00A646E7 /* uigame.c in Sources */,
				3A8342C12326894B00A646E7 /* input_PSP.c in Sources */,
				3A8342BF2326894B00A646E7 /* magicmenu.c in Sources */,
				3A8342D22326894B00A646E7 /* yj1.c in Sources */,
				71E23E9813F6D1AD001287B6 /* frame.c in Sources */,
				3A8342C82326894B00A646E7 /* aviplay.c in Sources */,
				3A8342DE2326894B00A646E7 /* font.c in Sources */,
				3A8342CB2326894B00A646E7 /* itemmenu.c in Sources */,
				71E23E9A13F6D1AD001287B6 /* huffman.c in Sources */,
				3A8342C32326894B00A646E7 /* main.c in Sources */,
				71E23E9D13F6D1AD001287B6 /* layer3.c in Sources */,
				3A8342D82326894B00A646E7 /* map.c in Sources */,
				3A8342DC2326894B00A646E7 /* script.c in Sources */,
				3A8342CC2326894B00A646E7 /* scene.c in Sources */,
				3A8342DB2326894B00A646E7 /* rixplay.cpp in Sources */,
				3A8342D02326894B00A646E7 /* global.c in Sources */,
				71E23E9F13F6D1AD001287B6 /* layer12.c in Sources */,
				3A8342DA2326894B00A646E7 /* game.c in Sources */,
				3A8342CE2326894B00A646E7 /* res.c in Sources */,
				3A8342DF2326894B00A646E7 /* input.c in Sources */,
				3A8342CD2326894B00A646E7 /* palette.c in Sources */,
				71E23EA413F6D1AD001287B6 /* music_mad.c in Sources */,
				3A8342D72326894B00A646E7 /* ui.c in Sources */,
				71E23EA913F6D1AD001287B6 /* stream.c in Sources */,
				71E23EAB13F6D1AD001287B6 /* synth.c in Sources */,
				3A8342C52326894B00A646E7 /* enemy.c in Sources */,
				3A8342CA2326894B00A646E7 /* midi.c in Sources */,
				71E23EAD13F6D1AD001287B6 /* timer.c in Sources */,
				3A8342C22326894B00A646E7 /* battle.c in Sources */,
				71147E4014085E31003FB2DB /* surroundopl.cpp in Sources */,
				3A8342D32326894B00A646E7 /* rngplay.c in Sources */,
				3A8342C42326894B00A646E7 /* getopt.c in Sources */,
				7138FD0F1424E4810060DE76 /* dosbox_opl.cpp in Sources */,
			);
			runOnlyForDeploymentPostprocessing = 0;
		};
/* End PBXSourcesBuildPhase section */

/* Begin PBXVariantGroup section */
		089C165CFE840E0CC02AAC07 /* InfoPlist.strings */ = {
			isa = PBXVariantGroup;
			children = (
				3A8342782326802700A646E7 /* en */,
			);
			name = InfoPlist.strings;
			sourceTree = "<group>";
		};
/* End PBXVariantGroup section */

/* Begin XCBuildConfiguration section */
		C01FCF4B08A954540054247B /* Debug */ = {
			isa = XCBuildConfiguration;
			buildSettings = {
				CLANG_ENABLE_OBJC_WEAK = YES;
				COMBINE_HIDPI_IMAGES = YES;
				COPY_PHASE_STRIP = NO;
				FRAMEWORK_SEARCH_PATHS = (
					"$(inherited)",
					"$(LOCAL_LIBRARY_DIR)/Frameworks",
				);
				GCC_DYNAMIC_NO_PIC = NO;
				GCC_MODEL_TUNING = G5;
				GCC_OPTIMIZATION_LEVEL = 0;
				INFOPLIST_FILE = Info.plist;
				INSTALL_PATH = "$(HOME)/Applications";
				PRODUCT_BUNDLE_IDENTIFIER = com.weimingzhi.Pal;
				PRODUCT_NAME = Pal;
				WRAPPER_EXTENSION = app;
				ZERO_LINK = YES;
			};
			name = Debug;
		};
		C01FCF4C08A954540054247B /* Release */ = {
			isa = XCBuildConfiguration;
			buildSettings = {
				CLANG_ENABLE_OBJC_WEAK = YES;
				COMBINE_HIDPI_IMAGES = YES;
				FRAMEWORK_SEARCH_PATHS = (
					"$(inherited)",
					"$(LOCAL_LIBRARY_DIR)/Frameworks",
				);
				GCC_GENERATE_DEBUGGING_SYMBOLS = NO;
				GCC_MODEL_TUNING = G5;
				INFOPLIST_FILE = Info.plist;
				INSTALL_PATH = "$(HOME)/Applications";
				PRODUCT_BUNDLE_IDENTIFIER = com.weimingzhi.Pal;
				PRODUCT_NAME = Pal;
				WRAPPER_EXTENSION = app;
			};
			name = Release;
		};
		C01FCF4F08A954540054247B /* Debug */ = {
			isa = XCBuildConfiguration;
			buildSettings = {
				CLANG_ANALYZER_LOCALIZABILITY_NONLOCALIZED = YES;
				CLANG_WARN_BLOCK_CAPTURE_AUTORELEASING = YES;
				CLANG_WARN_BOOL_CONVERSION = YES;
				CLANG_WARN_COMMA = YES;
				CLANG_WARN_CONSTANT_CONVERSION = YES;
				CLANG_WARN_DEPRECATED_OBJC_IMPLEMENTATIONS = YES;
				CLANG_WARN_EMPTY_BODY = YES;
				CLANG_WARN_ENUM_CONVERSION = YES;
				CLANG_WARN_INFINITE_RECURSION = YES;
				CLANG_WARN_INT_CONVERSION = YES;
				CLANG_WARN_NON_LITERAL_NULL_CONVERSION = YES;
				CLANG_WARN_OBJC_IMPLICIT_RETAIN_SELF = YES;
				CLANG_WARN_OBJC_LITERAL_CONVERSION = YES;
				CLANG_WARN_RANGE_LOOP_ANALYSIS = YES;
				CLANG_WARN_STRICT_PROTOTYPES = YES;
				CLANG_WARN_SUSPICIOUS_MOVE = YES;
				CLANG_WARN_UNREACHABLE_CODE = YES;
				CLANG_WARN__DUPLICATE_METHOD_MATCH = YES;
				DEAD_CODE_STRIPPING = NO;
				ENABLE_STRICT_OBJC_MSGSEND = YES;
				ENABLE_TESTABILITY = YES;
				FRAMEWORK_SEARCH_PATHS = (
					/Library/Frameworks,
					"$(FRAMEWORK_SEARCH_PATHS)",
				);
				GCC_NO_COMMON_BLOCKS = YES;
				GCC_WARN_64_TO_32_BIT_CONVERSION = YES;
				GCC_WARN_ABOUT_RETURN_TYPE = YES;
				GCC_WARN_UNDECLARED_SELECTOR = YES;
				GCC_WARN_UNINITIALIZED_AUTOS = YES;
				GCC_WARN_UNUSED_FUNCTION = YES;
				GCC_WARN_UNUSED_VARIABLE = YES;
				HEADER_SEARCH_PATHS = (
					/Library/Frameworks/SDL2.framework/Headers,
					"$(HEADER_SEARCH_PATHS)",
				);
				ONLY_ACTIVE_ARCH = YES;
				SDKROOT = macosx;
			};
			name = Debug;
		};
		C01FCF5008A954540054247B /* Release */ = {
			isa = XCBuildConfiguration;
			buildSettings = {
				CLANG_ANALYZER_LOCALIZABILITY_NONLOCALIZED = YES;
				CLANG_WARN_BLOCK_CAPTURE_AUTORELEASING = YES;
				CLANG_WARN_BOOL_CONVERSION = YES;
				CLANG_WARN_COMMA = YES;
				CLANG_WARN_CONSTANT_CONVERSION = YES;
				CLANG_WARN_DEPRECATED_OBJC_IMPLEMENTATIONS = YES;
				CLANG_WARN_EMPTY_BODY = YES;
				CLANG_WARN_ENUM_CONVERSION = YES;
				CLANG_WARN_INFINITE_RECURSION = YES;
				CLANG_WARN_INT_CONVERSION = YES;
				CLANG_WARN_NON_LITERAL_NULL_CONVERSION = YES;
				CLANG_WARN_OBJC_IMPLICIT_RETAIN_SELF = YES;
				CLANG_WARN_OBJC_LITERAL_CONVERSION = YES;
				CLANG_WARN_RANGE_LOOP_ANALYSIS = YES;
				CLANG_WARN_STRICT_PROTOTYPES = YES;
				CLANG_WARN_SUSPICIOUS_MOVE = YES;
				CLANG_WARN_UNREACHABLE_CODE = YES;
				CLANG_WARN__DUPLICATE_METHOD_MATCH = YES;
				DEAD_CODE_STRIPPING = YES;
				ENABLE_STRICT_OBJC_MSGSEND = YES;
				FRAMEWORK_SEARCH_PATHS = (
					/Library/Frameworks,
					"$(FRAMEWORK_SEARCH_PATHS)",
				);
				GCC_NO_COMMON_BLOCKS = YES;
				GCC_WARN_64_TO_32_BIT_CONVERSION = YES;
				GCC_WARN_ABOUT_RETURN_TYPE = YES;
				GCC_WARN_UNDECLARED_SELECTOR = YES;
				GCC_WARN_UNINITIALIZED_AUTOS = YES;
				GCC_WARN_UNUSED_FUNCTION = YES;
				GCC_WARN_UNUSED_VARIABLE = YES;
				HEADER_SEARCH_PATHS = (
					/Library/Frameworks/SDL2.framework/Headers,
					"$(HEADER_SEARCH_PATHS)",
				);
				SDKROOT = macosx;
			};
			name = Release;
		};
/* End XCBuildConfiguration section */

/* Begin XCConfigurationList section */
		C01FCF4A08A954540054247B /* Build configuration list for PBXNativeTarget "Pal" */ = {
			isa = XCConfigurationList;
			buildConfigurations = (
				C01FCF4B08A954540054247B /* Debug */,
				C01FCF4C08A954540054247B /* Release */,
			);
			defaultConfigurationIsVisible = 0;
			defaultConfigurationName = Release;
		};
		C01FCF4E08A954540054247B /* Build configuration list for PBXProject "Pal" */ = {
			isa = XCConfigurationList;
			buildConfigurations = (
				C01FCF4F08A954540054247B /* Debug */,
				C01FCF5008A954540054247B /* Release */,
			);
			defaultConfigurationIsVisible = 0;
			defaultConfigurationName = Release;
		};
/* End XCConfigurationList section */
	};
	rootObject = 29B97313FDCFA39411CA2CEA /* Project object */;
}
